
Microsoft Visual Studio Solution File, Format Version 12.00
# Visual Studio Version 17
VisualStudioVersion = 17.0.31903.59
MinimumVisualStudioVersion = 10.0.40219.1
Project("{2150E333-8FDC-42A3-9474-1A3956D46DE8}") = "src", "src", "{8A510F42-D1ED-4AF2-A7A7-C0837BD20715}"
EndProject
Project("{FAE04EC0-301F-11D3-BF4B-00C04F79EFBC}") = "BooksService", "src\BooksService\BooksService.csproj", "{CBA6C09D-E778-47B7-864F-81EB75BD4C7F}"
EndProject
Project("{FAE04EC0-301F-11D3-BF4B-00C04F79EFBC}") = "CategoryService", "src\CategoryService\CategoryService.csproj", "{7EBF42B3-925F-4B01-A575-38ACFC735A83}"
EndProject
Project("{FAE04EC0-301F-11D3-BF4B-00C04F79EFBC}") = "AuthorService", "src\AuthorService\AuthorService.csproj", "{B98FD154-C1A4-4BF3-9C13-04EF17FD5FFD}"
EndProject
Project("{FAE04EC0-301F-11D3-BF4B-00C04F79EFBC}") = "GatewayService", "src\GatewayService\GatewayService.csproj", "{36E74AA7-138A-477E-9A13-6D1A02318FB3}"
EndProject
Global
	GlobalSection(SolutionConfigurationPlatforms) = preSolution
		Debug|Any CPU = Debug|Any CPU
		Release|Any CPU = Release|Any CPU
	EndGlobalSection
	GlobalSection(SolutionProperties) = preSolution
		HideSolutionNode = FALSE
	EndGlobalSection
	GlobalSection(ProjectConfigurationPlatforms) = postSolution
		{CBA6C09D-E778-47B7-864F-81EB75BD4C7F}.Debug|Any CPU.ActiveCfg = Debug|Any CPU
		{CBA6C09D-E778-47B7-864F-81EB75BD4C7F}.Debug|Any CPU.Build.0 = Debug|Any CPU
		{CBA6C09D-E778-47B7-864F-81EB75BD4C7F}.Release|Any CPU.ActiveCfg = Release|Any CPU
		{CBA6C09D-E778-47B7-864F-81EB75BD4C7F}.Release|Any CPU.Build.0 = Release|Any CPU
		{7EBF42B3-925F-4B01-A575-38ACFC735A83}.Debug|Any CPU.ActiveCfg = Debug|Any CPU
		{7EBF42B3-925F-4B01-A575-38ACFC735A83}.Debug|Any CPU.Build.0 = Debug|Any CPU
		{7EBF42B3-925F-4B01-A575-38ACFC735A83}.Release|Any CPU.ActiveCfg = Release|Any CPU
		{7EBF42B3-925F-4B01-A575-38ACFC735A83}.Release|Any CPU.Build.0 = Release|Any CPU
		{B98FD154-C1A4-4BF3-9C13-04EF17FD5FFD}.Debug|Any CPU.ActiveCfg = Debug|Any CPU
		{B98FD154-C1A4-4BF3-9C13-04EF17FD5FFD}.Debug|Any CPU.Build.0 = Debug|Any CPU
		{B98FD154-C1A4-4BF3-9C13-04EF17FD5FFD}.Release|Any CPU.ActiveCfg = Release|Any CPU
		{B98FD154-C1A4-4BF3-9C13-04EF17FD5FFD}.Release|Any CPU.Build.0 = Release|Any CPU
		{43494AEA-F4F2-431A-AB62-BAF3486F4D73}.Debug|Any CPU.ActiveCfg = Debug|Any CPU
		{43494AEA-F4F2-431A-AB62-BAF3486F4D73}.Debug|Any CPU.Build.0 = Debug|Any CPU
		{43494AEA-F4F2-431A-AB62-BAF3486F4D73}.Release|Any CPU.ActiveCfg = Release|Any CPU
		{43494AEA-F4F2-431A-AB62-BAF3486F4D73}.Release|Any CPU.Build.0 = Release|Any CPU
		{36E74AA7-138A-477E-9A13-6D1A02318FB3}.Debug|Any CPU.ActiveCfg = Debug|Any CPU
		{36E74AA7-138A-477E-9A13-6D1A02318FB3}.Debug|Any CPU.Build.0 = Debug|Any CPU
		{36E74AA7-138A-477E-9A13-6D1A02318FB3}.Release|Any CPU.ActiveCfg = Release|Any CPU
		{36E74AA7-138A-477E-9A13-6D1A02318FB3}.Release|Any CPU.Build.0 = Release|Any CPU
	EndGlobalSection
	GlobalSection(NestedProjects) = preSolution
		{CBA6C09D-E778-47B7-864F-81EB75BD4C7F} = {8A510F42-D1ED-4AF2-A7A7-C0837BD20715}
		{7EBF42B3-925F-4B01-A575-38ACFC735A83} = {8A510F42-D1ED-4AF2-A7A7-C0837BD20715}
		{B98FD154-C1A4-4BF3-9C13-04EF17FD5FFD} = {8A510F42-D1ED-4AF2-A7A7-C0837BD20715}
		{43494AEA-F4F2-431A-AB62-BAF3486F4D73} = {8A510F42-D1ED-4AF2-A7A7-C0837BD20715}
		{36E74AA7-138A-477E-9A13-6D1A02318FB3} = {8A510F42-D1ED-4AF2-A7A7-C0837BD20715}
	EndGlobalSection
EndGlobal
